
Microsoft Visual Studio Solution File, Format Version 12.00
# Visual Studio Version 17
VisualStudioVersion = 17.7.34031.279
MinimumVisualStudioVersion = 10.0.40219.1
Project("{FAE04EC0-301F-11D3-BF4B-00C04F79EFBC}") = "ExercicioProposto6", "ExercicioProposto6\ExercicioProposto6.csproj", "{AF874D28-D943-47E2-90F4-1AD41F624D07}"
EndProject
Global
	GlobalSection(SolutionConfigurationPlatforms) = preSolution
		Debug|Any CPU = Debug|Any CPU
		Release|Any CPU = Release|Any CPU
	EndGlobalSection
	GlobalSection(ProjectConfigurationPlatforms) = postSolution
		{AF874D28-D943-47E2-90F4-1AD41F624D07}.Debug|Any CPU.ActiveCfg = Debug|Any CPU
		{AF874D28-D943-47E2-90F4-1AD41F624D07}.Debug|Any CPU.Build.0 = Debug|Any CPU
		{AF874D28-D943-47E2-90F4-1AD41F624D07}.Release|Any CPU.ActiveCfg = Release|Any CPU
		{AF874D28-D943-47E2-90F4-1AD41F624D07}.Release|Any CPU.Build.0 = Release|Any CPU
	EndGlobalSection
	GlobalSection(SolutionProperties) = preSolution
		HideSolutionNode = FALSE
	EndGlobalSection
	GlobalSection(ExtensibilityGlobals) = postSolution
		SolutionGuid = {62568CCD-5993-4764-AF2D-CEB9CEB9ED52}
	EndGlobalSection
EndGlobal
